
Microsoft Visual Studio Solution File, Format Version 12.00
# Visual Studio Version 16
VisualStudioVersion = 16.0.31410.357
MinimumVisualStudioVersion = 10.0.40219.1
Project("{FAE04EC0-301F-11D3-BF4B-00C04F79EFBC}") = "PlanFactTask", "PlanFactTask.csproj", "{FB64B73E-BEB3-45CD-968A-50F26097EC2E}"
EndProject
Global
	GlobalSection(SolutionConfigurationPlatforms) = preSolution
		Debug|Any CPU = Debug|Any CPU
		Release|Any CPU = Release|Any CPU
	EndGlobalSection
	GlobalSection(ProjectConfigurationPlatforms) = postSolution
		{FB64B73E-BEB3-45CD-968A-50F26097EC2E}.Debug|Any CPU.ActiveCfg = Debug|Any CPU
		{FB64B73E-BEB3-45CD-968A-50F26097EC2E}.Debug|Any CPU.Build.0 = Debug|Any CPU
		{FB64B73E-BEB3-45CD-968A-50F26097EC2E}.Release|Any CPU.ActiveCfg = Release|Any CPU
		{FB64B73E-BEB3-45CD-968A-50F26097EC2E}.Release|Any CPU.Build.0 = Release|Any CPU
	EndGlobalSection
	GlobalSection(SolutionProperties) = preSolution
		HideSolutionNode = FALSE
	EndGlobalSection
	GlobalSection(ExtensibilityGlobals) = postSolution
		SolutionGuid = {9013F520-86E4-4170-BC84-70C5076BDD6B}
	EndGlobalSection
EndGlobal
